
Microsoft Visual Studio Solution File, Format Version 12.00
# Visual Studio Version 17
VisualStudioVersion = 17.14.36915.13 d17.14
MinimumVisualStudioVersion = 10.0.40219.1
Project("{FAE04EC0-301F-11D3-BF4B-00C04F79EFBC}") = "CoffeeShop", "CoffeeShop.csproj", "{93F0B169-7FAC-46B2-99DF-B77EBBD21545}"
EndProject
Global
	GlobalSection(SolutionConfigurationPlatforms) = preSolution
		Debug|Any CPU = Debug|Any CPU
		Release|Any CPU = Release|Any CPU
	EndGlobalSection
	GlobalSection(ProjectConfigurationPlatforms) = postSolution
		{93F0B169-7FAC-46B2-99DF-B77EBBD21545}.Debug|Any CPU.ActiveCfg = Debug|Any CPU
		{93F0B169-7FAC-46B2-99DF-B77EBBD21545}.Debug|Any CPU.Build.0 = Debug|Any CPU
		{93F0B169-7FAC-46B2-99DF-B77EBBD21545}.Release|Any CPU.ActiveCfg = Release|Any CPU
		{93F0B169-7FAC-46B2-99DF-B77EBBD21545}.Release|Any CPU.Build.0 = Release|Any CPU
	EndGlobalSection
	GlobalSection(SolutionProperties) = preSolution
		HideSolutionNode = FALSE
	EndGlobalSection
	GlobalSection(ExtensibilityGlobals) = postSolution
		SolutionGuid = {DF7B5651-0DDB-493F-99E0-0EABC55F1D66}
	EndGlobalSection
EndGlobal
